# THIS IS AN AUTOGENERATED FILE. DO NOT EDIT THIS FILE DIRECTLY.
# yarn lockfile v1


"@iconify/icons-fluent@^1.2.17":
  version "1.2.17"
  resolved "https://registry.yarnpkg.com/@iconify/icons-fluent/-/icons-fluent-1.2.17.tgz#b2060ad78d3d24a862dae239b949a6450306f3b4"
  integrity sha512-nDVEOl7kcgWyTKiQbFrvP301+WcgSoF8BksiYlzLsQyzRT38HVfV5myr51vvKM3eUP+t113rwnI/FomXItDaZw==
  dependencies:
    "@iconify/types" "*"

"@iconify/react@^4.0.0":
  version "4.0.0"
  resolved "https://registry.yarnpkg.com/@iconify/react/-/react-4.0.0.tgz#0e2238fec072bfca0f2b9b6ff9e60c721c4abf32"
  integrity sha512-YE+z5PCegYyuJtLR6KBbJNlssmuVgRyFyRxcgxSPVkN3Gsm7npSzrUh+gWlBxrNb5g4Q6Nnb1gczPBNcwtUpng==
  dependencies:
    "@iconify/types" "^2.0.0"

"@iconify/types@*", "@iconify/types@^2.0.0":
  version "2.0.0"
  resolved "https://registry.yarnpkg.com/@iconify/types/-/types-2.0.0.tgz#ab0e9ea681d6c8a1214f30cd741fe3a20cc57f57"
  integrity sha512-+wluvCrRhXrhyOmRDJ3q8mux9JkKy5SJ/v8ol2tu4FVjyYvtEzkc/3pK15ET6RKg4b4w4BmTk1+gsCUhf21Ykg==
